// !$*UTF8*$!
{
	archiveVersion = 1;
	classes = {
	};
	objectVersion = 50;
	objects = {

/* Begin PBXBuildFile section */
		895426E423E20CB0009181B5 /* FormAndNavigationBar.swift in Sources */ = {isa = PBXBuildFile; fileRef = 895426E323E20CB0009181B5 /* FormAndNavigationBar.swift */; };
		895426E623E21133009181B5 /* BindingState.swift in Sources */ = {isa = PBXBuildFile; fileRef = 895426E523E21133009181B5 /* BindingState.swift */; };
		895426E823E2125F009181B5 /* Loop.swift in Sources */ = {isa = PBXBuildFile; fileRef = 895426E723E2125F009181B5 /* Loop.swift */; };
		898B00E523E1B40A000E3D7B /* AppDelegate.swift in Sources */ = {isa = PBXBuildFile; fileRef = 898B00E423E1B40A000E3D7B /* AppDelegate.swift */; };
		898B00E723E1B40A000E3D7B /* SceneDelegate.swift in Sources */ = {isa = PBXBuildFile; fileRef = 898B00E623E1B40A000E3D7B /* SceneDelegate.swift */; };
		898B00E923E1B40A000E3D7B /* ContentView.swift in Sources */ = {isa = PBXBuildFile; fileRef = 898B00E823E1B40A000E3D7B /* ContentView.swift */; };
		898B00EB23E1B40C000E3D7B /* Assets.xcassets in Resources */ = {isa = PBXBuildFile; fileRef = 898B00EA23E1B40C000E3D7B /* Assets.xcassets */; };
		898B00EE23E1B40C000E3D7B /* Preview Assets.xcassets in Resources */ = {isa = PBXBuildFile; fileRef = 898B00ED23E1B40C000E3D7B /* Preview Assets.xcassets */; };
		898B00F123E1B40C000E3D7B /* LaunchScreen.storyboard in Resources */ = {isa = PBXBuildFile; fileRef = 898B00EF23E1B40C000E3D7B /* LaunchScreen.storyboard */; };
		89BE707523E3AB0E00E21299 /* ReadingTextUser.swift in Sources */ = {isa = PBXBuildFile; fileRef = 89BE707423E3AB0E00E21299 /* ReadingTextUser.swift */; };
/* End PBXBuildFile section */

/* Begin PBXFileReference section */
		895426E323E20CB0009181B5 /* FormAndNavigationBar.swift */ = {isa = PBXFileReference; lastKnownFileType = sourcecode.swift; path = FormAndNavigationBar.swift; sourceTree = "<group>"; };
		895426E523E21133009181B5 /* BindingState.swift */ = {isa = PBXFileReference; lastKnownFileType = sourcecode.swift; path = BindingState.swift; sourceTree = "<group>"; };
		895426E723E2125F009181B5 /* Loop.swift */ = {isa = PBXFileReference; lastKnownFileType = sourcecode.swift; path = Loop.swift; sourceTree = "<group>"; };
		898B00E123E1B40A000E3D7B /* WeSplit.app */ = {isa = PBXFileReference; explicitFileType = wrapper.application; includeInIndex = 0; path = WeSplit.app; sourceTree = BUILT_PRODUCTS_DIR; };
		898B00E423E1B40A000E3D7B /* AppDelegate.swift */ = {isa = PBXFileReference; lastKnownFileType = sourcecode.swift; path = AppDelegate.swift; sourceTree = "<group>"; };
		898B00E623E1B40A000E3D7B /* SceneDelegate.swift */ = {isa = PBXFileReference; lastKnownFileType = sourcecode.swift; path = SceneDelegate.swift; sourceTree = "<group>"; };
		898B00E823E1B40A000E3D7B /* ContentView.swift */ = {isa = PBXFileReference; lastKnownFileType = sourcecode.swift; path = ContentView.swift; sourceTree = "<group>"; };
		898B00EA23E1B40C000E3D7B /* Assets.xcassets */ = {isa = PBXFileReference; lastKnownFileType = folder.assetcatalog; path = Assets.xcassets; sourceTree = "<group>"; };
		898B00ED23E1B40C000E3D7B /* Preview Assets.xcassets */ = {isa = PBXFileReference; lastKnownFileType = folder.assetcatalog; path = "Preview Assets.xcassets"; sourceTree = "<group>"; };
		898B00F023E1B40C000E3D7B /* Base */ = {isa = PBXFileReference; lastKnownFileType = file.storyboard; name = Base; path = Base.lproj/LaunchScreen.storyboard; sourceTree = "<group>"; };
		898B00F223E1B40C000E3D7B /* Info.plist */ = {isa = PBXFileReference; lastKnownFileType = text.plist.xml; path = Info.plist; sourceTree = "<group>"; };
		89BE707423E3AB0E00E21299 /* ReadingTextUser.swift */ = {isa = PBXFileReference; lastKnownFileType = sourcecode.swift; path = ReadingTextUser.swift; sourceTree = "<group>"; };
/* End PBXFileReference section */

/* Begin PBXFrameworksBuildPhase section */
		898B00DE23E1B40A000E3D7B /* Frameworks */ = {
			isa = PBXFrameworksBuildPhase;
			buildActionMask = 2147483647;
			files = (
			);
			runOnlyForDeploymentPostprocessing = 0;
		};
/* End PBXFrameworksBuildPhase section */

/* Begin PBXGroup section */
		898B00D823E1B40A000E3D7B = {
			isa = PBXGroup;
			children = (
				898B00E323E1B40A000E3D7B /* WeSplit */,
				898B00EC23E1B40C000E3D7B /* Preview Content */,
				898B00E223E1B40A000E3D7B /* Products */,
			);
			sourceTree = "<group>";
		};
		898B00E223E1B40A000E3D7B /* Products */ = {
			isa = PBXGroup;
			children = (
				898B00E123E1B40A000E3D7B /* WeSplit.app */,
			);
			name = Products;
			sourceTree = "<group>";
		};
		898B00E323E1B40A000E3D7B /* WeSplit */ = {
			isa = PBXGroup;
			children = (
				898B00E423E1B40A000E3D7B /* AppDelegate.swift */,
				898B00E623E1B40A000E3D7B /* SceneDelegate.swift */,
				898B00EA23E1B40C000E3D7B /* Assets.xcassets */,
				898B00EF23E1B40C000E3D7B /* LaunchScreen.storyboard */,
				898B00F223E1B40C000E3D7B /* Info.plist */,
				898B00E823E1B40A000E3D7B /* ContentView.swift */,
				895426E323E20CB0009181B5 /* FormAndNavigationBar.swift */,
				895426E523E21133009181B5 /* BindingState.swift */,
				895426E723E2125F009181B5 /* Loop.swift */,
				89BE707423E3AB0E00E21299 /* ReadingTextUser.swift */,
			);
			path = WeSplit;
			sourceTree = "<group>";
		};
		898B00EC23E1B40C000E3D7B /* Preview Content */ = {
			isa = PBXGroup;
			children = (
				898B00ED23E1B40C000E3D7B /* Preview Assets.xcassets */,
			);
			path = "Preview Content";
			sourceTree = "<group>";
		};
/* End PBXGroup section */

/* Begin PBXNativeTarget section */
		898B00E023E1B40A000E3D7B /* WeSplit */ = {
			isa = PBXNativeTarget;
			buildConfigurationList = 898B00F523E1B40C000E3D7B /* Build configuration list for PBXNativeTarget "WeSplit" */;
			buildPhases = (
				898B00DD23E1B40A000E3D7B /* Sources */,
				898B00DE23E1B40A000E3D7B /* Frameworks */,
				898B00DF23E1B40A000E3D7B /* Resources */,
			);
			buildRules = (
			);
			dependencies = (
			);
			name = WeSplit;
			productName = WeSplit;
			productReference = 898B00E123E1B40A000E3D7B /* WeSplit.app */;
			productType = "com.apple.product-type.application";
		};
/* End PBXNativeTarget section */

/* Begin PBXProject section */
		898B00D923E1B40A000E3D7B /* Project object */ = {
			isa = PBXProject;
			attributes = {
				LastSwiftUpdateCheck = 1130;
				LastUpgradeCheck = 1130;
				ORGANIZATIONNAME = "Nicolau Atala Pelluzi";
				TargetAttributes = {
					898B00E023E1B40A000E3D7B = {
						CreatedOnToolsVersion = 11.3.1;
					};
				};
			};
			buildConfigurationList = 898B00DC23E1B40A000E3D7B /* Build configuration list for PBXProject "WeSplit" */;
			compatibilityVersion = "Xcode 9.3";
			developmentRegion = en;
			hasScannedForEncodings = 0;
			knownRegions = (
				en,
				Base,
			);
			mainGroup = 898B00D823E1B40A000E3D7B;
			productRefGroup = 898B00E223E1B40A000E3D7B /* Products */;
			projectDirPath = "";
			projectRoot = "";
			targets = (
				898B00E023E1B40A000E3D7B /* WeSplit */,
			);
		};
/* End PBXProject section */

/* Begin PBXResourcesBuildPhase section */
		898B00DF23E1B40A000E3D7B /* Resources */ = {
			isa = PBXResourcesBuildPhase;
			buildActionMask = 2147483647;
			files = (
				898B00F123E1B40C000E3D7B /* LaunchScreen.storyboard in Resources */,
				898B00EE23E1B40C000E3D7B /* Preview Assets.xcassets in Resources */,
				898B00EB23E1B40C000E3D7B /* Assets.xcassets in Resources */,
			);
			runOnlyForDeploymentPostprocessing = 0;
		};
/* End PBXResourcesBuildPhase section */

/* Begin PBXSourcesBuildPhase section */
		898B00DD23E1B40A000E3D7B /* Sources */ = {
			isa = PBXSourcesBuildPhase;
			buildActionMask = 2147483647;
			files = (
				898B00E523E1B40A000E3D7B /* AppDelegate.swift in Sources */,
				895426E623E21133009181B5 /* BindingState.swift in Sources */,
				895426E423E20CB0009181B5 /* FormAndNavigationBar.swift in Sources */,
				895426E823E2125F009181B5 /* Loop.swift in Sources */,
				898B00E723E1B40A000E3D7B /* SceneDelegate.swift in Sources */,
				898B00E923E1B40A000E3D7B /* ContentView.swift in Sources */,
				89BE707523E3AB0E00E21299 /* ReadingTextUser.swift in Sources */,
			);
			runOnlyForDeploymentPostprocessing = 0;
		};
/* End PBXSourcesBuildPhase section */

/* Begin PBXVariantGroup section */
		898B00EF23E1B40C000E3D7B /* LaunchScreen.storyboard */ = {
			isa = PBXVariantGroup;
			children = (
				898B00F023E1B40C000E3D7B /* Base */,
			);
			name = LaunchScreen.storyboard;
			sourceTree = "<group>";
		};
/* End PBXVariantGroup section */

/* Begin XCBuildConfiguration section */
		898B00F323E1B40C000E3D7B /* Debug */ = {
			isa = XCBuildConfiguration;
			buildSettings = {
				ALWAYS_SEARCH_USER_PATHS = NO;
				CLANG_ANALYZER_NONNULL = YES;
				CLANG_ANALYZER_NUMBER_OBJECT_CONVERSION = YES_AGGRESSIVE;
				CLANG_CXX_LANGUAGE_STANDARD = "gnu++14";
				CLANG_CXX_LIBRARY = "libc++";
				CLANG_ENABLE_MODULES = YES;
				CLANG_ENABLE_OBJC_ARC = YES;
				CLANG_ENABLE_OBJC_WEAK = YES;
				CLANG_WARN_BLOCK_CAPTURE_AUTORELEASING = YES;
				CLANG_WARN_BOOL_CONVERSION = YES;
				CLANG_WARN_COMMA = YES;
				CLANG_WARN_CONSTANT_CONVERSION = YES;
				CLANG_WARN_DEPRECATED_OBJC_IMPLEMENTATIONS = YES;
				CLANG_WARN_DIRECT_OBJC_ISA_USAGE = YES_ERROR;
				CLANG_WARN_DOCUMENTATION_COMMENTS = YES;
				CLANG_WARN_EMPTY_BODY = YES;
				CLANG_WARN_ENUM_CONVERSION = YES;
				CLANG_WARN_INFINITE_RECURSION = YES;
				CLANG_WARN_INT_CONVERSION = YES;
				CLANG_WARN_NON_LITERAL_NULL_CONVERSION = YES;
				CLANG_WARN_OBJC_IMPLICIT_RETAIN_SELF = YES;
				CLANG_WARN_OBJC_LITERAL_CONVERSION = YES;
				CLANG_WARN_OBJC_ROOT_CLASS = YES_ERROR;
				CLANG_WARN_RANGE_LOOP_ANALYSIS = YES;
				CLANG_WARN_STRICT_PROTOTYPES = YES;
				CLANG_WARN_SUSPICIOUS_MOVE = YES;
				CLANG_WARN_UNGUARDED_AVAILABILITY = YES_AGGRESSIVE;
				CLANG_WARN_UNREACHABLE_CODE = YES;
				CLANG_WARN__DUPLICATE_METHOD_MATCH = YES;
				COPY_PHASE_STRIP = NO;
				DEBUG_INFORMATION_FORMAT = dwarf;
				ENABLE_STRICT_OBJC_MSGSEND = YES;
				ENABLE_TESTABILITY = YES;
				GCC_C_LANGUAGE_STANDARD = gnu11;
				GCC_DYNAMIC_NO_PIC = NO;
				GCC_NO_COMMON_BLOCKS = YES;
				GCC_OPTIMIZATION_LEVEL = 0;
				GCC_PREPROCESSOR_DEFINITIONS = (
					"DEBUG=1",
					"$(inherited)",
				);
				GCC_WARN_64_TO_32_BIT_CONVERSION = YES;
				GCC_WARN_ABOUT_RETURN_TYPE = YES_ERROR;
				GCC_WARN_UNDECLARED_SELECTOR = YES;
				GCC_WARN_UNINITIALIZED_AUTOS = YES_AGGRESSIVE;
				GCC_WARN_UNUSED_FUNCTION = YES;
				GCC_WARN_UNUSED_VARIABLE = YES;
				IPHONEOS_DEPLOYMENT_TARGET = 13.2;
				MTL_ENABLE_DEBUG_INFO = INCLUDE_SOURCE;
				MTL_FAST_MATH = YES;
				ONLY_ACTIVE_ARCH = YES;
				SDKROOT = iphoneos;
				SWIFT_ACTIVE_COMPILATION_CONDITIONS = DEBUG;
				SWIFT_OPTIMIZATION_LEVEL = "-Onone";
			};
			name = Debug;
		};
		898B00F423E1B40C000E3D7B /* Release */ = {
			isa = XCBuildConfiguration;
			buildSettings = {
				ALWAYS_SEARCH_USER_PATHS = NO;
				CLANG_ANALYZER_NONNULL = YES;
				CLANG_ANALYZER_NUMBER_OBJECT_CONVERSION = YES_AGGRESSIVE;
				CLANG_CXX_LANGUAGE_STANDARD = "gnu++14";
				CLANG_CXX_LIBRARY = "libc++";
				CLANG_ENABLE_MODULES = YES;
				CLANG_ENABLE_OBJC_ARC = YES;
				CLANG_ENABLE_OBJC_WEAK = YES;
				CLANG_WARN_BLOCK_CAPTURE_AUTORELEASING = YES;
				CLANG_WARN_BOOL_CONVERSION = YES;
				CLANG_WARN_COMMA = YES;
				CLANG_WARN_CONSTANT_CONVERSION = YES;
				CLANG_WARN_DEPRECATED_OBJC_IMPLEMENTATIONS = YES;
				CLANG_WARN_DIRECT_OBJC_ISA_USAGE = YES_ERROR;
				CLANG_WARN_DOCUMENTATION_COMMENTS = YES;
				CLANG_WARN_EMPTY_BODY = YES;
				CLANG_WARN_ENUM_CONVERSION = YES;
				CLANG_WARN_INFINITE_RECURSION = YES;
				CLANG_WARN_INT_CONVERSION = YES;
				CLANG_WARN_NON_LITERAL_NULL_CONVERSION = YES;
				CLANG_WARN_OBJC_IMPLICIT_RETAIN_SELF = YES;
				CLANG_WARN_OBJC_LITERAL_CONVERSION = YES;
				CLANG_WARN_OBJC_ROOT_CLASS = YES_ERROR;
				CLANG_WARN_RANGE_LOOP_ANALYSIS = YES;
				CLANG_WARN_STRICT_PROTOTYPES = YES;
				CLANG_WARN_SUSPICIOUS_MOVE = YES;
				CLANG_WARN_UNGUARDED_AVAILABILITY = YES_AGGRESSIVE;
				CLANG_WARN_UNREACHABLE_CODE = YES;
				CLANG_WARN__DUPLICATE_METHOD_MATCH = YES;
				COPY_PHASE_STRIP = NO;
				DEBUG_INFORMATION_FORMAT = "dwarf-with-dsym";
				ENABLE_NS_ASSERTIONS = NO;
				ENABLE_STRICT_OBJC_MSGSEND = YES;
				GCC_C_LANGUAGE_STANDARD = gnu11;
				GCC_NO_COMMON_BLOCKS = YES;
				GCC_WARN_64_TO_32_BIT_CONVERSION = YES;
				GCC_WARN_ABOUT_RETURN_TYPE = YES_ERROR;
				GCC_WARN_UNDECLARED_SELECTOR = YES;
				GCC_WARN_UNINITIALIZED_AUTOS = YES_AGGRESSIVE;
				GCC_WARN_UNUSED_FUNCTION = YES;
				GCC_WARN_UNUSED_VARIABLE = YES;
				IPHONEOS_DEPLOYMENT_TARGET = 13.2;
				MTL_ENABLE_DEBUG_INFO = NO;
				MTL_FAST_MATH = YES;
				SDKROOT = iphoneos;
				SWIFT_COMPILATION_MODE = wholemodule;
				SWIFT_OPTIMIZATION_LEVEL = "-O";
				VALIDATE_PRODUCT = YES;
			};
			name = Release;
		};
		898B00F623E1B40C000E3D7B /* Debug */ = {
			isa = XCBuildConfiguration;
			buildSettings = {
				ASSETCATALOG_COMPILER_APPICON_NAME = AppIcon;
				CODE_SIGN_STYLE = Automatic;
				DEVELOPMENT_ASSET_PATHS = "\"WeSplit/Preview Content\"";
				DEVELOPMENT_TEAM = FAP3A5C488;
				ENABLE_PREVIEWS = YES;
				INFOPLIST_FILE = WeSplit/Info.plist;
				LD_RUNPATH_SEARCH_PATHS = (
					"$(inherited)",
					"@executable_path/Frameworks",
				);
				PRODUCT_BUNDLE_IDENTIFIER = com.nicolauatala.WeSplit;
				PRODUCT_NAME = "$(TARGET_NAME)";
				SWIFT_VERSION = 5.0;
				TARGETED_DEVICE_FAMILY = "1,2";
			};
			name = Debug;
		};
		898B00F723E1B40C000E3D7B /* Release */ = {
			isa = XCBuildConfiguration;
			buildSettings = {
				ASSETCATALOG_COMPILER_APPICON_NAME = AppIcon;
				CODE_SIGN_STYLE = Automatic;
				DEVELOPMENT_ASSET_PATHS = "\"WeSplit/Preview Content\"";
				DEVELOPMENT_TEAM = FAP3A5C488;
				ENABLE_PREVIEWS = YES;
				INFOPLIST_FILE = WeSplit/Info.plist;
				LD_RUNPATH_SEARCH_PATHS = (
					"$(inherited)",
					"@executable_path/Frameworks",
				);
				PRODUCT_BUNDLE_IDENTIFIER = com.nicolauatala.WeSplit;
				PRODUCT_NAME = "$(TARGET_NAME)";
				SWIFT_VERSION = 5.0;
				TARGETED_DEVICE_FAMILY = "1,2";
			};
			name = Release;
		};
/* End XCBuildConfiguration section */

/* Begin XCConfigurationList section */
		898B00DC23E1B40A000E3D7B /* Build configuration list for PBXProject "WeSplit" */ = {
			isa = XCConfigurationList;
			buildConfigurations = (
				898B00F323E1B40C000E3D7B /* Debug */,
				898B00F423E1B40C000E3D7B /* Release */,
			);
			defaultConfigurationIsVisible = 0;
			defaultConfigurationName = Release;
		};
		898B00F523E1B40C000E3D7B /* Build configuration list for PBXNativeTarget "WeSplit" */ = {
			isa = XCConfigurationList;
			buildConfigurations = (
				898B00F623E1B40C000E3D7B /* Debug */,
				898B00F723E1B40C000E3D7B /* Release */,
			);
			defaultConfigurationIsVisible = 0;
			defaultConfigurationName = Release;
		};
/* End XCConfigurationList section */
	};
	rootObject = 898B00D923E1B40A000E3D7B /* Project object */;
}
